
Microsoft Visual Studio Solution File, Format Version 12.00
# Visual Studio Version 17
VisualStudioVersion = 17.5.33530.505
MinimumVisualStudioVersion = 10.0.40219.1
Project("{FAE04EC0-301F-11D3-BF4B-00C04F79EFBC}") = "UI", "UI\UI.csproj", "{30FB8FE6-064D-4119-95BD-25DACB0A4239}"
EndProject
Project("{FAE04EC0-301F-11D3-BF4B-00C04F79EFBC}") = "BLL", "BLL\BLL.csproj", "{BB05F3B9-711F-4103-83E7-5A59665D2FB6}"
EndProject
Project("{FAE04EC0-301F-11D3-BF4B-00C04F79EFBC}") = "DAL", "DAL\DAL.csproj", "{BA624E82-4591-4D85-88E9-253414A8EBBA}"
EndProject
Project("{FAE04EC0-301F-11D3-BF4B-00C04F79EFBC}") = "DOM", "DOM\DOM.csproj", "{8C419978-3F6F-4B78-8D0B-2F4993BB55C2}"
EndProject
Project("{FAE04EC0-301F-11D3-BF4B-00C04F79EFBC}") = "SL", "SL\SL.csproj", "{4BAB27E4-BF82-43FB-9663-76D752B12481}"
EndProject
Global
	GlobalSection(SolutionConfigurationPlatforms) = preSolution
		Debug|Any CPU = Debug|Any CPU
		Release|Any CPU = Release|Any CPU
	EndGlobalSection
	GlobalSection(ProjectConfigurationPlatforms) = postSolution
		{30FB8FE6-064D-4119-95BD-25DACB0A4239}.Debug|Any CPU.ActiveCfg = Debug|Any CPU
		{30FB8FE6-064D-4119-95BD-25DACB0A4239}.Debug|Any CPU.Build.0 = Debug|Any CPU
		{30FB8FE6-064D-4119-95BD-25DACB0A4239}.Release|Any CPU.ActiveCfg = Release|Any CPU
		{30FB8FE6-064D-4119-95BD-25DACB0A4239}.Release|Any CPU.Build.0 = Release|Any CPU
		{BB05F3B9-711F-4103-83E7-5A59665D2FB6}.Debug|Any CPU.ActiveCfg = Debug|Any CPU
		{BB05F3B9-711F-4103-83E7-5A59665D2FB6}.Debug|Any CPU.Build.0 = Debug|Any CPU
		{BB05F3B9-711F-4103-83E7-5A59665D2FB6}.Release|Any CPU.ActiveCfg = Release|Any CPU
		{BB05F3B9-711F-4103-83E7-5A59665D2FB6}.Release|Any CPU.Build.0 = Release|Any CPU
		{BA624E82-4591-4D85-88E9-253414A8EBBA}.Debug|Any CPU.ActiveCfg = Debug|Any CPU
		{BA624E82-4591-4D85-88E9-253414A8EBBA}.Debug|Any CPU.Build.0 = Debug|Any CPU
		{BA624E82-4591-4D85-88E9-253414A8EBBA}.Release|Any CPU.ActiveCfg = Release|Any CPU
		{BA624E82-4591-4D85-88E9-253414A8EBBA}.Release|Any CPU.Build.0 = Release|Any CPU
		{8C419978-3F6F-4B78-8D0B-2F4993BB55C2}.Debug|Any CPU.ActiveCfg = Debug|Any CPU
		{8C419978-3F6F-4B78-8D0B-2F4993BB55C2}.Debug|Any CPU.Build.0 = Debug|Any CPU
		{8C419978-3F6F-4B78-8D0B-2F4993BB55C2}.Release|Any CPU.ActiveCfg = Release|Any CPU
		{8C419978-3F6F-4B78-8D0B-2F4993BB55C2}.Release|Any CPU.Build.0 = Release|Any CPU
		{4BAB27E4-BF82-43FB-9663-76D752B12481}.Debug|Any CPU.ActiveCfg = Debug|Any CPU
		{4BAB27E4-BF82-43FB-9663-76D752B12481}.Debug|Any CPU.Build.0 = Debug|Any CPU
		{4BAB27E4-BF82-43FB-9663-76D752B12481}.Release|Any CPU.ActiveCfg = Release|Any CPU
		{4BAB27E4-BF82-43FB-9663-76D752B12481}.Release|Any CPU.Build.0 = Release|Any CPU
	EndGlobalSection
	GlobalSection(SolutionProperties) = preSolution
		HideSolutionNode = FALSE
	EndGlobalSection
	GlobalSection(ExtensibilityGlobals) = postSolution
		SolutionGuid = {4112EC88-70E4-44F7-823A-1ADE77BA248A}
	EndGlobalSection
EndGlobal
